// !$*UTF8*$!
{
	archiveVersion = 1;
	classes = {
	};
	objectVersion = 77;
	objects = {

/* Begin PBXBuildFile section */
		720F392E2D6DB4310075F691 /* FirebaseAnalyticsWithoutAdIdSupport in Frameworks */ = {isa = PBXBuildFile; productRef = 720F392D2D6DB4310075F691 /* FirebaseAnalyticsWithoutAdIdSupport */; };
		720F39302D6DB4310075F691 /* FirebaseAuth in Frameworks */ = {isa = PBXBuildFile; productRef = 720F392F2D6DB4310075F691 /* FirebaseAuth */; };
		720F39322D6DB4310075F691 /* FirebaseCore in Frameworks */ = {isa = PBXBuildFile; productRef = 720F39312D6DB4310075F691 /* FirebaseCore */; };
		720F39342D6DB4310075F691 /* FirebaseDatabase in Frameworks */ = {isa = PBXBuildFile; productRef = 720F39332D6DB4310075F691 /* FirebaseDatabase */; };
		720F39362D6DB4310075F691 /* FirebaseFirestore in Frameworks */ = {isa = PBXBuildFile; productRef = 720F39352D6DB4310075F691 /* FirebaseFirestore */; };
		720F39382D6DB4310075F691 /* FirebaseStorage in Frameworks */ = {isa = PBXBuildFile; productRef = 720F39372D6DB4310075F691 /* FirebaseStorage */; };
/* End PBXBuildFile section */

/* Begin PBXContainerItemProxy section */
		720A55752D66166800941001 /* PBXContainerItemProxy */ = {
			isa = PBXContainerItemProxy;
			containerPortal = 720A555C2D66166700941001 /* Project object */;
			proxyType = 1;
			remoteGlobalIDString = 720A55632D66166700941001;
			remoteInfo = echoChat;
		};
		720A557F2D66166800941001 /* PBXContainerItemProxy */ = {
			isa = PBXContainerItemProxy;
			containerPortal = 720A555C2D66166700941001 /* Project object */;
			proxyType = 1;
			remoteGlobalIDString = 720A55632D66166700941001;
			remoteInfo = echoChat;
		};
/* End PBXContainerItemProxy section */

/* Begin PBXFileReference section */
		720A55642D66166700941001 /* echoChat.app */ = {isa = PBXFileReference; explicitFileType = wrapper.application; includeInIndex = 0; path = echoChat.app; sourceTree = BUILT_PRODUCTS_DIR; };
		720A55742D66166800941001 /* echoChatTests.xctest */ = {isa = PBXFileReference; explicitFileType = wrapper.cfbundle; includeInIndex = 0; path = echoChatTests.xctest; sourceTree = BUILT_PRODUCTS_DIR; };
		720A557E2D66166800941001 /* echoChatUITests.xctest */ = {isa = PBXFileReference; explicitFileType = wrapper.cfbundle; includeInIndex = 0; path = echoChatUITests.xctest; sourceTree = BUILT_PRODUCTS_DIR; };
/* End PBXFileReference section */

/* Begin PBXFileSystemSynchronizedRootGroup section */
		720A55662D66166700941001 /* echoChat */ = {
			isa = PBXFileSystemSynchronizedRootGroup;
			path = echoChat;
			sourceTree = "<group>";
		};
		720A55772D66166800941001 /* echoChatTests */ = {
			isa = PBXFileSystemSynchronizedRootGroup;
			path = echoChatTests;
			sourceTree = "<group>";
		};
		720A55812D66166800941001 /* echoChatUITests */ = {
			isa = PBXFileSystemSynchronizedRootGroup;
			path = echoChatUITests;
			sourceTree = "<group>";
		};
/* End PBXFileSystemSynchronizedRootGroup section */

/* Begin PBXFrameworksBuildPhase section */
		720A55612D66166700941001 /* Frameworks */ = {
			isa = PBXFrameworksBuildPhase;
			buildActionMask = 2147483647;
			files = (
				720F392E2D6DB4310075F691 /* FirebaseAnalyticsWithoutAdIdSupport in Frameworks */,
				720F39322D6DB4310075F691 /* FirebaseCore in Frameworks */,
				720F39342D6DB4310075F691 /* FirebaseDatabase in Frameworks */,
				720F39362D6DB4310075F691 /* FirebaseFirestore in Frameworks */,
				720F39302D6DB4310075F691 /* FirebaseAuth in Frameworks */,
				720F39382D6DB4310075F691 /* FirebaseStorage in Frameworks */,
			);
			runOnlyForDeploymentPostprocessing = 0;
		};
		720A55712D66166800941001 /* Frameworks */ = {
			isa = PBXFrameworksBuildPhase;
			buildActionMask = 2147483647;
			files = (
			);
			runOnlyForDeploymentPostprocessing = 0;
		};
		720A557B2D66166800941001 /* Frameworks */ = {
			isa = PBXFrameworksBuildPhase;
			buildActionMask = 2147483647;
			files = (
			);
			runOnlyForDeploymentPostprocessing = 0;
		};
/* End PBXFrameworksBuildPhase section */

/* Begin PBXGroup section */
		720A555B2D66166700941001 = {
			isa = PBXGroup;
			children = (
				720A55662D66166700941001 /* echoChat */,
				720A55772D66166800941001 /* echoChatTests */,
				720A55812D66166800941001 /* echoChatUITests */,
				720A55652D66166700941001 /* Products */,
			);
			sourceTree = "<group>";
		};
		720A55652D66166700941001 /* Products */ = {
			isa = PBXGroup;
			children = (
				720A55642D66166700941001 /* echoChat.app */,
				720A55742D66166800941001 /* echoChatTests.xctest */,
				720A557E2D66166800941001 /* echoChatUITests.xctest */,
			);
			name = Products;
			sourceTree = "<group>";
		};
/* End PBXGroup section */

/* Begin PBXNativeTarget section */
		720A55632D66166700941001 /* echoChat */ = {
			isa = PBXNativeTarget;
			buildConfigurationList = 720A55882D66166800941001 /* Build configuration list for PBXNativeTarget "echoChat" */;
			buildPhases = (
				720A55602D66166700941001 /* Sources */,
				720A55612D66166700941001 /* Frameworks */,
				720A55622D66166700941001 /* Resources */,
			);
			buildRules = (
			);
			dependencies = (
			);
			fileSystemSynchronizedGroups = (
				720A55662D66166700941001 /* echoChat */,
			);
			name = echoChat;
			packageProductDependencies = (
				720F392D2D6DB4310075F691 /* FirebaseAnalyticsWithoutAdIdSupport */,
				720F392F2D6DB4310075F691 /* FirebaseAuth */,
				720F39312D6DB4310075F691 /* FirebaseCore */,
				720F39332D6DB4310075F691 /* FirebaseDatabase */,
				720F39352D6DB4310075F691 /* FirebaseFirestore */,
				720F39372D6DB4310075F691 /* FirebaseStorage */,
			);
			productName = echoChat;
			productReference = 720A55642D66166700941001 /* echoChat.app */;
			productType = "com.apple.product-type.application";
		};
		720A55732D66166800941001 /* echoChatTests */ = {
			isa = PBXNativeTarget;
			buildConfigurationList = 720A558B2D66166800941001 /* Build configuration list for PBXNativeTarget "echoChatTests" */;
			buildPhases = (
				720A55702D66166800941001 /* Sources */,
				720A55712D66166800941001 /* Frameworks */,
				720A55722D66166800941001 /* Resources */,
			);
			buildRules = (
			);
			dependencies = (
				720A55762D66166800941001 /* PBXTargetDependency */,
			);
			fileSystemSynchronizedGroups = (
				720A55772D66166800941001 /* echoChatTests */,
			);
			name = echoChatTests;
			packageProductDependencies = (
			);
			productName = echoChatTests;
			productReference = 720A55742D66166800941001 /* echoChatTests.xctest */;
			productType = "com.apple.product-type.bundle.unit-test";
		};
		720A557D2D66166800941001 /* echoChatUITests */ = {
			isa = PBXNativeTarget;
			buildConfigurationList = 720A558E2D66166800941001 /* Build configuration list for PBXNativeTarget "echoChatUITests" */;
			buildPhases = (
				720A557A2D66166800941001 /* Sources */,
				720A557B2D66166800941001 /* Frameworks */,
				720A557C2D66166800941001 /* Resources */,
			);
			buildRules = (
			);
			dependencies = (
				720A55802D66166800941001 /* PBXTargetDependency */,
			);
			fileSystemSynchronizedGroups = (
				720A55812D66166800941001 /* echoChatUITests */,
			);
			name = echoChatUITests;
			packageProductDependencies = (
			);
			productName = echoChatUITests;
			productReference = 720A557E2D66166800941001 /* echoChatUITests.xctest */;
			productType = "com.apple.product-type.bundle.ui-testing";
		};
/* End PBXNativeTarget section */

/* Begin PBXProject section */
		720A555C2D66166700941001 /* Project object */ = {
			isa = PBXProject;
			attributes = {
				BuildIndependentTargetsInParallel = 1;
				LastSwiftUpdateCheck = 1620;
				LastUpgradeCheck = 1620;
				TargetAttributes = {
					720A55632D66166700941001 = {
						CreatedOnToolsVersion = 16.2;
					};
					720A55732D66166800941001 = {
						CreatedOnToolsVersion = 16.2;
						TestTargetID = 720A55632D66166700941001;
					};
					720A557D2D66166800941001 = {
						CreatedOnToolsVersion = 16.2;
						TestTargetID = 720A55632D66166700941001;
					};
				};
			};
			buildConfigurationList = 720A555F2D66166700941001 /* Build configuration list for PBXProject "echoChat" */;
			developmentRegion = en;
			hasScannedForEncodings = 0;
			knownRegions = (
				en,
				Base,
			);
			mainGroup = 720A555B2D66166700941001;
			minimizedProjectReferenceProxies = 1;
			packageReferences = (
				722D5BFA2D6DAAD400034A7C /* XCRemoteSwiftPackageReference "firebase-ios-sdk" */,
			);
			preferredProjectObjectVersion = 77;
			productRefGroup = 720A55652D66166700941001 /* Products */;
			projectDirPath = "";
			projectRoot = "";
			targets = (
				720A55632D66166700941001 /* echoChat */,
				720A55732D66166800941001 /* echoChatTests */,
				720A557D2D66166800941001 /* echoChatUITests */,
			);
		};
/* End PBXProject section */

/* Begin PBXResourcesBuildPhase section */
		720A55622D66166700941001 /* Resources */ = {
			isa = PBXResourcesBuildPhase;
			buildActionMask = 2147483647;
			files = (
			);
			runOnlyForDeploymentPostprocessing = 0;
		};
		720A55722D66166800941001 /* Resources */ = {
			isa = PBXResourcesBuildPhase;
			buildActionMask = 2147483647;
			files = (
			);
			runOnlyForDeploymentPostprocessing = 0;
		};
		720A557C2D66166800941001 /* Resources */ = {
			isa = PBXResourcesBuildPhase;
			buildActionMask = 2147483647;
			files = (
			);
			runOnlyForDeploymentPostprocessing = 0;
		};
/* End PBXResourcesBuildPhase section */

/* Begin PBXSourcesBuildPhase section */
		720A55602D66166700941001 /* Sources */ = {
			isa = PBXSourcesBuildPhase;
			buildActionMask = 2147483647;
			files = (
			);
			runOnlyForDeploymentPostprocessing = 0;
		};
		720A55702D66166800941001 /* Sources */ = {
			isa = PBXSourcesBuildPhase;
			buildActionMask = 2147483647;
			files = (
			);
			runOnlyForDeploymentPostprocessing = 0;
		};
		720A557A2D66166800941001 /* Sources */ = {
			isa = PBXSourcesBuildPhase;
			buildActionMask = 2147483647;
			files = (
			);
			runOnlyForDeploymentPostprocessing = 0;
		};
/* End PBXSourcesBuildPhase section */

/* Begin PBXTargetDependency section */
		720A55762D66166800941001 /* PBXTargetDependency */ = {
			isa = PBXTargetDependency;
			target = 720A55632D66166700941001 /* echoChat */;
			targetProxy = 720A55752D66166800941001 /* PBXContainerItemProxy */;
		};
		720A55802D66166800941001 /* PBXTargetDependency */ = {
			isa = PBXTargetDependency;
			target = 720A55632D66166700941001 /* echoChat */;
			targetProxy = 720A557F2D66166800941001 /* PBXContainerItemProxy */;
		};
/* End PBXTargetDependency section */

/* Begin XCBuildConfiguration section */
		720A55862D66166800941001 /* Debug */ = {
			isa = XCBuildConfiguration;
			buildSettings = {
				ALWAYS_SEARCH_USER_PATHS = NO;
				ASSETCATALOG_COMPILER_GENERATE_SWIFT_ASSET_SYMBOL_EXTENSIONS = YES;
				CLANG_ANALYZER_NONNULL = YES;
				CLANG_ANALYZER_NUMBER_OBJECT_CONVERSION = YES_AGGRESSIVE;
				CLANG_CXX_LANGUAGE_STANDARD = "gnu++20";
				CLANG_ENABLE_MODULES = YES;
				CLANG_ENABLE_OBJC_ARC = YES;
				CLANG_ENABLE_OBJC_WEAK = YES;
				CLANG_WARN_BLOCK_CAPTURE_AUTORELEASING = YES;
				CLANG_WARN_BOOL_CONVERSION = YES;
				CLANG_WARN_COMMA = YES;
				CLANG_WARN_CONSTANT_CONVERSION = YES;
				CLANG_WARN_DEPRECATED_OBJC_IMPLEMENTATIONS = YES;
				CLANG_WARN_DIRECT_OBJC_ISA_USAGE = YES_ERROR;
				CLANG_WARN_DOCUMENTATION_COMMENTS = YES;
				CLANG_WARN_EMPTY_BODY = YES;
				CLANG_WARN_ENUM_CONVERSION = YES;
				CLANG_WARN_INFINITE_RECURSION = YES;
				CLANG_WARN_INT_CONVERSION = YES;
				CLANG_WARN_NON_LITERAL_NULL_CONVERSION = YES;
				CLANG_WARN_OBJC_IMPLICIT_RETAIN_SELF = YES;
				CLANG_WARN_OBJC_LITERAL_CONVERSION = YES;
				CLANG_WARN_OBJC_ROOT_CLASS = YES_ERROR;
				CLANG_WARN_QUOTED_INCLUDE_IN_FRAMEWORK_HEADER = YES;
				CLANG_WARN_RANGE_LOOP_ANALYSIS = YES;
				CLANG_WARN_STRICT_PROTOTYPES = YES;
				CLANG_WARN_SUSPICIOUS_MOVE = YES;
				CLANG_WARN_UNGUARDED_AVAILABILITY = YES_AGGRESSIVE;
				CLANG_WARN_UNREACHABLE_CODE = YES;
				CLANG_WARN__DUPLICATE_METHOD_MATCH = YES;
				COPY_PHASE_STRIP = NO;
				DEBUG_INFORMATION_FORMAT = dwarf;
				ENABLE_STRICT_OBJC_MSGSEND = YES;
				ENABLE_TESTABILITY = YES;
				ENABLE_USER_SCRIPT_SANDBOXING = YES;
				GCC_C_LANGUAGE_STANDARD = gnu17;
				GCC_DYNAMIC_NO_PIC = NO;
				GCC_NO_COMMON_BLOCKS = YES;
				GCC_OPTIMIZATION_LEVEL = 0;
				GCC_PREPROCESSOR_DEFINITIONS = (
					"DEBUG=1",
					"$(inherited)",
				);
				GCC_WARN_64_TO_32_BIT_CONVERSION = YES;
				GCC_WARN_ABOUT_RETURN_TYPE = YES_ERROR;
				GCC_WARN_UNDECLARED_SELECTOR = YES;
				GCC_WARN_UNINITIALIZED_AUTOS = YES_AGGRESSIVE;
				GCC_WARN_UNUSED_FUNCTION = YES;
				GCC_WARN_UNUSED_VARIABLE = YES;
				IPHONEOS_DEPLOYMENT_TARGET = 18.2;
				LOCALIZATION_PREFERS_STRING_CATALOGS = YES;
				MTL_ENABLE_DEBUG_INFO = INCLUDE_SOURCE;
				MTL_FAST_MATH = YES;
				ONLY_ACTIVE_ARCH = YES;
				SDKROOT = iphoneos;
				SWIFT_ACTIVE_COMPILATION_CONDITIONS = "DEBUG $(inherited)";
				SWIFT_OPTIMIZATION_LEVEL = "-Onone";
			};
			name = Debug;
		};
		720A55872D66166800941001 /* Release */ = {
			isa = XCBuildConfiguration;
			buildSettings = {
				ALWAYS_SEARCH_USER_PATHS = NO;
				ASSETCATALOG_COMPILER_GENERATE_SWIFT_ASSET_SYMBOL_EXTENSIONS = YES;
				CLANG_ANALYZER_NONNULL = YES;
				CLANG_ANALYZER_NUMBER_OBJECT_CONVERSION = YES_AGGRESSIVE;
				CLANG_CXX_LANGUAGE_STANDARD = "gnu++20";
				CLANG_ENABLE_MODULES = YES;
				CLANG_ENABLE_OBJC_ARC = YES;
				CLANG_ENABLE_OBJC_WEAK = YES;
				CLANG_WARN_BLOCK_CAPTURE_AUTORELEASING = YES;
				CLANG_WARN_BOOL_CONVERSION = YES;
				CLANG_WARN_COMMA = YES;
				CLANG_WARN_CONSTANT_CONVERSION = YES;
				CLANG_WARN_DEPRECATED_OBJC_IMPLEMENTATIONS = YES;
				CLANG_WARN_DIRECT_OBJC_ISA_USAGE = YES_ERROR;
				CLANG_WARN_DOCUMENTATION_COMMENTS = YES;
				CLANG_WARN_EMPTY_BODY = YES;
				CLANG_WARN_ENUM_CONVERSION = YES;
				CLANG_WARN_INFINITE_RECURSION = YES;
				CLANG_WARN_INT_CONVERSION = YES;
				CLANG_WARN_NON_LITERAL_NULL_CONVERSION = YES;
				CLANG_WARN_OBJC_IMPLICIT_RETAIN_SELF = YES;
				CLANG_WARN_OBJC_LITERAL_CONVERSION = YES;
				CLANG_WARN_OBJC_ROOT_CLASS = YES_ERROR;
				CLANG_WARN_QUOTED_INCLUDE_IN_FRAMEWORK_HEADER = YES;
				CLANG_WARN_RANGE_LOOP_ANALYSIS = YES;
				CLANG_WARN_STRICT_PROTOTYPES = YES;
				CLANG_WARN_SUSPICIOUS_MOVE = YES;
				CLANG_WARN_UNGUARDED_AVAILABILITY = YES_AGGRESSIVE;
				CLANG_WARN_UNREACHABLE_CODE = YES;
				CLANG_WARN__DUPLICATE_METHOD_MATCH = YES;
				COPY_PHASE_STRIP = NO;
				DEBUG_INFORMATION_FORMAT = "dwarf-with-dsym";
				ENABLE_NS_ASSERTIONS = NO;
				ENABLE_STRICT_OBJC_MSGSEND = YES;
				ENABLE_USER_SCRIPT_SANDBOXING = YES;
				GCC_C_LANGUAGE_STANDARD = gnu17;
				GCC_NO_COMMON_BLOCKS = YES;
				GCC_WARN_64_TO_32_BIT_CONVERSION = YES;
				GCC_WARN_ABOUT_RETURN_TYPE = YES_ERROR;
				GCC_WARN_UNDECLARED_SELECTOR = YES;
				GCC_WARN_UNINITIALIZED_AUTOS = YES_AGGRESSIVE;
				GCC_WARN_UNUSED_FUNCTION = YES;
				GCC_WARN_UNUSED_VARIABLE = YES;
				IPHONEOS_DEPLOYMENT_TARGET = 18.2;
				LOCALIZATION_PREFERS_STRING_CATALOGS = YES;
				MTL_ENABLE_DEBUG_INFO = NO;
				MTL_FAST_MATH = YES;
				SDKROOT = iphoneos;
				SWIFT_COMPILATION_MODE = wholemodule;
				VALIDATE_PRODUCT = YES;
			};
			name = Release;
		};
		720A55892D66166800941001 /* Debug */ = {
			isa = XCBuildConfiguration;
			buildSettings = {
				ASSETCATALOG_COMPILER_APPICON_NAME = AppIcon;
				ASSETCATALOG_COMPILER_GLOBAL_ACCENT_COLOR_NAME = AccentColor;
				CODE_SIGN_STYLE = Automatic;
				CURRENT_PROJECT_VERSION = 1;
				DEVELOPMENT_ASSET_PATHS = "\"echoChat/Preview Content\"";
				DEVELOPMENT_TEAM = G5XTFB6483;
				ENABLE_PREVIEWS = YES;
				GENERATE_INFOPLIST_FILE = YES;
				INFOPLIST_KEY_UIApplicationSceneManifest_Generation = YES;
				INFOPLIST_KEY_UIApplicationSupportsIndirectInputEvents = YES;
				INFOPLIST_KEY_UILaunchScreen_Generation = YES;
				INFOPLIST_KEY_UISupportedInterfaceOrientations_iPad = "UIInterfaceOrientationPortrait UIInterfaceOrientationPortraitUpsideDown UIInterfaceOrientationLandscapeLeft UIInterfaceOrientationLandscapeRight";
				INFOPLIST_KEY_UISupportedInterfaceOrientations_iPhone = "UIInterfaceOrientationPortrait UIInterfaceOrientationLandscapeLeft UIInterfaceOrientationLandscapeRight";
				LD_RUNPATH_SEARCH_PATHS = (
					"$(inherited)",
					"@executable_path/Frameworks",
				);
				MARKETING_VERSION = 1.0;
				PRODUCT_BUNDLE_IDENTIFIER = msp.echoChat;
				PRODUCT_NAME = "$(TARGET_NAME)";
				SWIFT_EMIT_LOC_STRINGS = YES;
				SWIFT_VERSION = 5.0;
				TARGETED_DEVICE_FAMILY = "1,2";
			};
			name = Debug;
		};
		720A558A2D66166800941001 /* Release */ = {
			isa = XCBuildConfiguration;
			buildSettings = {
				ASSETCATALOG_COMPILER_APPICON_NAME = AppIcon;
				ASSETCATALOG_COMPILER_GLOBAL_ACCENT_COLOR_NAME = AccentColor;
				CODE_SIGN_STYLE = Automatic;
				CURRENT_PROJECT_VERSION = 1;
				DEVELOPMENT_ASSET_PATHS = "\"echoChat/Preview Content\"";
				DEVELOPMENT_TEAM = G5XTFB6483;
				ENABLE_PREVIEWS = YES;
				GENERATE_INFOPLIST_FILE = YES;
				INFOPLIST_KEY_UIApplicationSceneManifest_Generation = YES;
				INFOPLIST_KEY_UIApplicationSupportsIndirectInputEvents = YES;
				INFOPLIST_KEY_UILaunchScreen_Generation = YES;
				INFOPLIST_KEY_UISupportedInterfaceOrientations_iPad = "UIInterfaceOrientationPortrait UIInterfaceOrientationPortraitUpsideDown UIInterfaceOrientationLandscapeLeft UIInterfaceOrientationLandscapeRight";
				INFOPLIST_KEY_UISupportedInterfaceOrientations_iPhone = "UIInterfaceOrientationPortrait UIInterfaceOrientationLandscapeLeft UIInterfaceOrientationLandscapeRight";
				LD_RUNPATH_SEARCH_PATHS = (
					"$(inherited)",
					"@executable_path/Frameworks",
				);
				MARKETING_VERSION = 1.0;
				PRODUCT_BUNDLE_IDENTIFIER = msp.echoChat;
				PRODUCT_NAME = "$(TARGET_NAME)";
				SWIFT_EMIT_LOC_STRINGS = YES;
				SWIFT_VERSION = 5.0;
				TARGETED_DEVICE_FAMILY = "1,2";
			};
			name = Release;
		};
		720A558C2D66166800941001 /* Debug */ = {
			isa = XCBuildConfiguration;
			buildSettings = {
				BUNDLE_LOADER = "$(TEST_HOST)";
				CODE_SIGN_STYLE = Automatic;
				CURRENT_PROJECT_VERSION = 1;
				DEVELOPMENT_TEAM = G5XTFB6483;
				GENERATE_INFOPLIST_FILE = YES;
				IPHONEOS_DEPLOYMENT_TARGET = 18.2;
				MARKETING_VERSION = 1.0;
				PRODUCT_BUNDLE_IDENTIFIER = msp.echoChatTests;
				PRODUCT_NAME = "$(TARGET_NAME)";
				SWIFT_EMIT_LOC_STRINGS = NO;
				SWIFT_VERSION = 5.0;
				TARGETED_DEVICE_FAMILY = "1,2";
				TEST_HOST = "$(BUILT_PRODUCTS_DIR)/echoChat.app/$(BUNDLE_EXECUTABLE_FOLDER_PATH)/echoChat";
			};
			name = Debug;
		};
		720A558D2D66166800941001 /* Release */ = {
			isa = XCBuildConfiguration;
			buildSettings = {
				BUNDLE_LOADER = "$(TEST_HOST)";
				CODE_SIGN_STYLE = Automatic;
				CURRENT_PROJECT_VERSION = 1;
				DEVELOPMENT_TEAM = G5XTFB6483;
				GENERATE_INFOPLIST_FILE = YES;
				IPHONEOS_DEPLOYMENT_TARGET = 18.2;
				MARKETING_VERSION = 1.0;
				PRODUCT_BUNDLE_IDENTIFIER = msp.echoChatTests;
				PRODUCT_NAME = "$(TARGET_NAME)";
				SWIFT_EMIT_LOC_STRINGS = NO;
				SWIFT_VERSION = 5.0;
				TARGETED_DEVICE_FAMILY = "1,2";
				TEST_HOST = "$(BUILT_PRODUCTS_DIR)/echoChat.app/$(BUNDLE_EXECUTABLE_FOLDER_PATH)/echoChat";
			};
			name = Release;
		};
		720A558F2D66166800941001 /* Debug */ = {
			isa = XCBuildConfiguration;
			buildSettings = {
				CODE_SIGN_STYLE = Automatic;
				CURRENT_PROJECT_VERSION = 1;
				DEVELOPMENT_TEAM = G5XTFB6483;
				GENERATE_INFOPLIST_FILE = YES;
				MARKETING_VERSION = 1.0;
				PRODUCT_BUNDLE_IDENTIFIER = msp.echoChatUITests;
				PRODUCT_NAME = "$(TARGET_NAME)";
				SWIFT_EMIT_LOC_STRINGS = NO;
				SWIFT_VERSION = 5.0;
				TARGETED_DEVICE_FAMILY = "1,2";
				TEST_TARGET_NAME = echoChat;
			};
			name = Debug;
		};
		720A55902D66166800941001 /* Release */ = {
			isa = XCBuildConfiguration;
			buildSettings = {
				CODE_SIGN_STYLE = Automatic;
				CURRENT_PROJECT_VERSION = 1;
				DEVELOPMENT_TEAM = G5XTFB6483;
				GENERATE_INFOPLIST_FILE = YES;
				MARKETING_VERSION = 1.0;
				PRODUCT_BUNDLE_IDENTIFIER = msp.echoChatUITests;
				PRODUCT_NAME = "$(TARGET_NAME)";
				SWIFT_EMIT_LOC_STRINGS = NO;
				SWIFT_VERSION = 5.0;
				TARGETED_DEVICE_FAMILY = "1,2";
				TEST_TARGET_NAME = echoChat;
			};
			name = Release;
		};
/* End XCBuildConfiguration section */

/* Begin XCConfigurationList section */
		720A555F2D66166700941001 /* Build configuration list for PBXProject "echoChat" */ = {
			isa = XCConfigurationList;
			buildConfigurations = (
				720A55862D66166800941001 /* Debug */,
				720A55872D66166800941001 /* Release */,
			);
			defaultConfigurationIsVisible = 0;
			defaultConfigurationName = Release;
		};
		720A55882D66166800941001 /* Build configuration list for PBXNativeTarget "echoChat" */ = {
			isa = XCConfigurationList;
			buildConfigurations = (
				720A55892D66166800941001 /* Debug */,
				720A558A2D66166800941001 /* Release */,
			);
			defaultConfigurationIsVisible = 0;
			defaultConfigurationName = Release;
		};
		720A558B2D66166800941001 /* Build configuration list for PBXNativeTarget "echoChatTests" */ = {
			isa = XCConfigurationList;
			buildConfigurations = (
				720A558C2D66166800941001 /* Debug */,
				720A558D2D66166800941001 /* Release */,
			);
			defaultConfigurationIsVisible = 0;
			defaultConfigurationName = Release;
		};
		720A558E2D66166800941001 /* Build configuration list for PBXNativeTarget "echoChatUITests" */ = {
			isa = XCConfigurationList;
			buildConfigurations = (
				720A558F2D66166800941001 /* Debug */,
				720A55902D66166800941001 /* Release */,
			);
			defaultConfigurationIsVisible = 0;
			defaultConfigurationName = Release;
		};
/* End XCConfigurationList section */

/* Begin XCRemoteSwiftPackageReference section */
		722D5BFA2D6DAAD400034A7C /* XCRemoteSwiftPackageReference "firebase-ios-sdk" */ = {
			isa = XCRemoteSwiftPackageReference;
			repositoryURL = "https://github.com/firebase/firebase-ios-sdk";
			requirement = {
				kind = upToNextMajorVersion;
				minimumVersion = 11.8.1;
			};
		};
/* End XCRemoteSwiftPackageReference section */

/* Begin XCSwiftPackageProductDependency section */
		720F392D2D6DB4310075F691 /* FirebaseAnalyticsWithoutAdIdSupport */ = {
			isa = XCSwiftPackageProductDependency;
			package = 722D5BFA2D6DAAD400034A7C /* XCRemoteSwiftPackageReference "firebase-ios-sdk" */;
			productName = FirebaseAnalyticsWithoutAdIdSupport;
		};
		720F392F2D6DB4310075F691 /* FirebaseAuth */ = {
			isa = XCSwiftPackageProductDependency;
			package = 722D5BFA2D6DAAD400034A7C /* XCRemoteSwiftPackageReference "firebase-ios-sdk" */;
			productName = FirebaseAuth;
		};
		720F39312D6DB4310075F691 /* FirebaseCore */ = {
			isa = XCSwiftPackageProductDependency;
			package = 722D5BFA2D6DAAD400034A7C /* XCRemoteSwiftPackageReference "firebase-ios-sdk" */;
			productName = FirebaseCore;
		};
		720F39332D6DB4310075F691 /* FirebaseDatabase */ = {
			isa = XCSwiftPackageProductDependency;
			package = 722D5BFA2D6DAAD400034A7C /* XCRemoteSwiftPackageReference "firebase-ios-sdk" */;
			productName = FirebaseDatabase;
		};
		720F39352D6DB4310075F691 /* FirebaseFirestore */ = {
			isa = XCSwiftPackageProductDependency;
			package = 722D5BFA2D6DAAD400034A7C /* XCRemoteSwiftPackageReference "firebase-ios-sdk" */;
			productName = FirebaseFirestore;
		};
		720F39372D6DB4310075F691 /* FirebaseStorage */ = {
			isa = XCSwiftPackageProductDependency;
			package = 722D5BFA2D6DAAD400034A7C /* XCRemoteSwiftPackageReference "firebase-ios-sdk" */;
			productName = FirebaseStorage;
		};
/* End XCSwiftPackageProductDependency section */
	};
	rootObject = 720A555C2D66166700941001 /* Project object */;
}
